{
  "branch": "backend_dev",
  "commit": "d07fa15dcf7a187dfbfcab7e32eef16eaacc282e",
  "files": {
    "catalogue/modules.yaml": {
      "from": "catalogue/modules.yaml",
      "sha256": "4d38a5ccdb9dba74e459ce8834a1cf72a0bd3065940ec389e62025bcaa749183"
    },
    "programmes/augmented_civil.yaml": {
      "from": "programmes/augmented_civil.yaml",
      "sha256": "9b8b6311dc3ec8e69e310fb8c4c4829b5fd71a58e6e12df61e261001f9a23422"
    },
    "programmes/civil.yaml": {
      "from": "programmes/civil.yaml",
      "sha256": "e4881ec86c9895b96d5868078aee98669649d33c9107c25db793c1d36b3c44de"
    },
    "scripts/_ra/programme_loader.py": {
      "from": "scripts/programme_loader.py",
      "sha256": "0d54ae1e59f22cc24700c3cdd86b81eb319276ce07455b6ab5b4de573a9884c2"
    },
    "scripts/_ra/regadvisor_engine.py": {
      "from": "scripts/regadvisor_engine.py",
      "sha256": "f8878519b9a79a522b6e060fee6a0bb63b9fb596a40a1ea6922bfbaddb5b9055"
    }
  },
  "upstream": "/Users/justinpringle/Developer/reg_advisor"
}
