{
  "branch": "backend_dev",
  "commit": "3bb4b0cf020e5da5e5df08f2673234a043e62fa9",
  "files": {
    "catalogue/modules.yaml": {
      "from": "catalogue/modules.yaml",
      "sha256": "4d38a5ccdb9dba74e459ce8834a1cf72a0bd3065940ec389e62025bcaa749183"
    },
    "programmes/augmented_civil.yaml": {
      "from": "programmes/augmented_civil.yaml",
      "sha256": "6c0765143b3078d89e5d2c40eb0042155b3f85477b3bb5dba9e97cc4b081b244"
    },
    "programmes/civil.yaml": {
      "from": "programmes/civil.yaml",
      "sha256": "bd81a45e38988c4094959c350d9c9e1dab99529f833444c905bc793e1a1f840d"
    },
    "scripts/_ra/programme_loader.py": {
      "from": "scripts/programme_loader.py",
      "sha256": "7ef38c30e9eda9e692b0c921942252f878bac25990c20a60ecfacdccd52e5768"
    },
    "scripts/_ra/regadvisor_engine.py": {
      "from": "scripts/regadvisor_engine.py",
      "sha256": "84033c04db781fb4422f0f9b2c135db3c8f957e0bfa1b9730a3271f741f353c0"
    }
  },
  "upstream": "/Users/justinpringle/Developer/reg_advisor"
}
