{
  "branch": "backend_dev",
  "commit": "3bb4b0cf020e5da5e5df08f2673234a043e62fa9",
  "files": {
    "catalogue/modules.yaml": {
      "from": "catalogue/modules.yaml",
      "sha256": "4d38a5ccdb9dba74e459ce8834a1cf72a0bd3065940ec389e62025bcaa749183"
    },
    "programmes/augmented_civil.yaml": {
      "from": "programmes/augmented_civil.yaml",
      "sha256": "6c0765143b3078d89e5d2c40eb0042155b3f85477b3bb5dba9e97cc4b081b244"
    },
    "programmes/civil.yaml": {
      "from": "programmes/civil.yaml",
      "sha256": "9ff7092982ec31ae48d993bc23180f08bbf20761f6a102fe3287b85a9dc91c96"
    },
    "scripts/_ra/programme_loader.py": {
      "from": "scripts/programme_loader.py",
      "sha256": "e57a5fc703ec9fc73572233a166d8a6bc93419aef4335375c056a426a40693e4"
    },
    "scripts/_ra/regadvisor_engine.py": {
      "from": "scripts/regadvisor_engine.py",
      "sha256": "065009fdf94889ff9b2d90c71aa9843549844e92002ed40088471f504eb72aaa"
    }
  },
  "upstream": "/Users/justinpringle/Developer/reg_advisor"
}
